
Microsoft Visual Studio Solution File, Format Version 12.00
# Visual Studio Version 17
VisualStudioVersion = 17.11.35222.181
MinimumVisualStudioVersion = 10.0.40219.1
Project("{FAE04EC0-301F-11D3-BF4B-00C04F79EFBC}") = "Online_Quiz", "Online_Quiz\Online_Quiz.csproj", "{54CC8C7C-801C-4101-A0CD-333A67B95429}"
EndProject
Global
	GlobalSection(SolutionConfigurationPlatforms) = preSolution
		Debug|Any CPU = Debug|Any CPU
		Release|Any CPU = Release|Any CPU
	EndGlobalSection
	GlobalSection(ProjectConfigurationPlatforms) = postSolution
		{54CC8C7C-801C-4101-A0CD-333A67B95429}.Debug|Any CPU.ActiveCfg = Debug|Any CPU
		{54CC8C7C-801C-4101-A0CD-333A67B95429}.Debug|Any CPU.Build.0 = Debug|Any CPU
		{54CC8C7C-801C-4101-A0CD-333A67B95429}.Release|Any CPU.ActiveCfg = Release|Any CPU
		{54CC8C7C-801C-4101-A0CD-333A67B95429}.Release|Any CPU.Build.0 = Release|Any CPU
	EndGlobalSection
	GlobalSection(SolutionProperties) = preSolution
		HideSolutionNode = FALSE
	EndGlobalSection
	GlobalSection(ExtensibilityGlobals) = postSolution
		SolutionGuid = {E46AC783-AA8E-4E55-B1E7-BF60E76AD5D5}
	EndGlobalSection
EndGlobal
